
Microsoft Visual Studio Solution File, Format Version 12.00
# Visual Studio Version 16
VisualStudioVersion = 16.0.31624.102
MinimumVisualStudioVersion = 10.0.40219.1
Project("{FAE04EC0-301F-11D3-BF4B-00C04F79EFBC}") = "Chravel", "Chravel.csproj", "{DB2DB7E1-670D-4090-9890-E6DABFC9A409}"
EndProject
Global
	GlobalSection(SolutionConfigurationPlatforms) = preSolution
		Debug|Any CPU = Debug|Any CPU
		Release|Any CPU = Release|Any CPU
	EndGlobalSection
	GlobalSection(ProjectConfigurationPlatforms) = postSolution
		{DB2DB7E1-670D-4090-9890-E6DABFC9A409}.Debug|Any CPU.ActiveCfg = Debug|Any CPU
		{DB2DB7E1-670D-4090-9890-E6DABFC9A409}.Debug|Any CPU.Build.0 = Debug|Any CPU
		{DB2DB7E1-670D-4090-9890-E6DABFC9A409}.Release|Any CPU.ActiveCfg = Release|Any CPU
		{DB2DB7E1-670D-4090-9890-E6DABFC9A409}.Release|Any CPU.Build.0 = Release|Any CPU
	EndGlobalSection
	GlobalSection(SolutionProperties) = preSolution
		HideSolutionNode = FALSE
	EndGlobalSection
	GlobalSection(ExtensibilityGlobals) = postSolution
		SolutionGuid = {3746285F-43F7-4C58-ADB8-E280EB2C9AEC}
	EndGlobalSection
EndGlobal
